{
    "name": "@unsass/grid",
    "version": "0.0.0",
    "lockfileVersion": 2,
    "requires": true,
    "packages": {
        "": {
            "name": "@unsass/grid",
            "version": "0.0.0",
            "license": "MIT",
            "engines": {
                "node": ">=14.0.0",
                "npm": ">=8.0.0"
            }
        }
    }
}
